
Microsoft Visual Studio Solution File, Format Version 12.00
# Visual Studio Version 17
VisualStudioVersion = 17.13.35931.197
MinimumVisualStudioVersion = 10.0.40219.1
Project("{FAE04EC0-301F-11D3-BF4B-00C04F79EFBC}") = "IntegrationHub.Api", "IntegrationHub.Api\IntegrationHub.Api.csproj", "{F2A68E40-113D-4894-AFD3-1F06ABA2FFD9}"
EndProject
Project("{FAE04EC0-301F-11D3-BF4B-00C04F79EFBC}") = "IntegrationHub.PIESP", "IntegrationHub.PIESP\IntegrationHub.PIESP.csproj", "{FC59DF74-3932-45EA-94F9-932CDA106840}"
EndProject
Project("{FAE04EC0-301F-11D3-BF4B-00C04F79EFBC}") = "IntegrationHub.SRP", "IntegrationHub.SRP\IntegrationHub.SRP.csproj", "{C6EB5C80-3628-4C2F-AE55-DEFFA5A84113}"
EndProject
Project("{FAE04EC0-301F-11D3-BF4B-00C04F79EFBC}") = "IntegrationHub.Common", "IntegrationHub.Common\IntegrationHub.Common.csproj", "{DF4C07D5-6745-985A-1A3C-F118F4A16CD9}"
EndProject
Project("{FAE04EC0-301F-11D3-BF4B-00C04F79EFBC}") = "IntegrationHub.Sources.KSIP", "IntegrationHub.Sources.KSIP\IntegrationHub.Sources.KSIP.csproj", "{543D7BDA-5528-486D-8509-7CE607690BF2}"
EndProject
Project("{2150E333-8FDC-42A3-9474-1A3956D46DE8}") = "Solution Items", "Solution Items", "{8EC462FD-D22E-90A8-E5CE-7E832BA40C5D}"
	ProjectSection(SolutionItems) = preProject
		Directory.Packages.props = Directory.Packages.props
	EndProjectSection
EndProject
Project("{FAE04EC0-301F-11D3-BF4B-00C04F79EFBC}") = "IntegrationHub.Sources.CEP", "IntegrationHub.Sources.CEP\IntegrationHub.Sources.CEP.csproj", "{C31A857D-5745-4604-A90F-DC01F2CC3BA3}"
EndProject
Project("{FAE04EC0-301F-11D3-BF4B-00C04F79EFBC}") = "Trentum.Common.Excel", "Trentum.Common.Excel\Trentum.Common.Excel.csproj", "{A8E62358-1694-FD3F-7837-19CDC53A599C}"
EndProject
Project("{FAE04EC0-301F-11D3-BF4B-00C04F79EFBC}") = "Trentum.Horkos.Abstractions", "Trentum.Horkos.Abstractions\Trentum.Horkos.Abstractions.csproj", "{990890B0-505D-B8DE-AB94-5EB5F1002AFD}"
EndProject
Project("{FAE04EC0-301F-11D3-BF4B-00C04F79EFBC}") = "Trentum.Horkos.Dapper", "Trentum.Horkos.Dapper\Trentum.Horkos.Dapper.csproj", "{3B9AD693-83CE-42C6-C88D-53B161B8A84C}"
EndProject
Project("{FAE04EC0-301F-11D3-BF4B-00C04F79EFBC}") = "Trentum.Horkos.BpsExtensions", "Trentum.Horkos.BpsExtensions\Trentum.Horkos.BpsExtensions.csproj", "{62011A90-B743-4A80-BFDC-6D183FC8652D}"
EndProject
Project("{FAE04EC0-301F-11D3-BF4B-00C04F79EFBC}") = "IntegrationHub.Infrastructure", "IntegrationHub.Infrastructure\IntegrationHub.Infrastructure.csproj", "{32E40DAD-4212-407E-911C-941A445D765A}"
EndProject
Project("{FAE04EC0-301F-11D3-BF4B-00C04F79EFBC}") = "Trentum.Common.Csv", "Trentum.Common.Csv\Trentum.Common.Csv.csproj", "{13527C62-2AC2-49D4-BAE8-2C2ABB12353D}"
EndProject
Project("{FAE04EC0-301F-11D3-BF4B-00C04F79EFBC}") = "IntegrationHub.Sources.ANPRS", "IntegrationHub.Sources.ANPRS\IntegrationHub.Sources.ANPRS.csproj", "{0D88F183-D44E-4EC4-A4F0-C280051B0E03}"
EndProject
Global
	GlobalSection(SolutionConfigurationPlatforms) = preSolution
		Debug|Any CPU = Debug|Any CPU
		Release|Any CPU = Release|Any CPU
	EndGlobalSection
	GlobalSection(ProjectConfigurationPlatforms) = postSolution
		{F2A68E40-113D-4894-AFD3-1F06ABA2FFD9}.Debug|Any CPU.ActiveCfg = Debug|Any CPU
		{F2A68E40-113D-4894-AFD3-1F06ABA2FFD9}.Debug|Any CPU.Build.0 = Debug|Any CPU
		{F2A68E40-113D-4894-AFD3-1F06ABA2FFD9}.Release|Any CPU.ActiveCfg = Release|Any CPU
		{F2A68E40-113D-4894-AFD3-1F06ABA2FFD9}.Release|Any CPU.Build.0 = Release|Any CPU
		{FC59DF74-3932-45EA-94F9-932CDA106840}.Debug|Any CPU.ActiveCfg = Debug|Any CPU
		{FC59DF74-3932-45EA-94F9-932CDA106840}.Debug|Any CPU.Build.0 = Debug|Any CPU
		{FC59DF74-3932-45EA-94F9-932CDA106840}.Release|Any CPU.ActiveCfg = Release|Any CPU
		{FC59DF74-3932-45EA-94F9-932CDA106840}.Release|Any CPU.Build.0 = Release|Any CPU
		{C6EB5C80-3628-4C2F-AE55-DEFFA5A84113}.Debug|Any CPU.ActiveCfg = Debug|Any CPU
		{C6EB5C80-3628-4C2F-AE55-DEFFA5A84113}.Debug|Any CPU.Build.0 = Debug|Any CPU
		{C6EB5C80-3628-4C2F-AE55-DEFFA5A84113}.Release|Any CPU.ActiveCfg = Release|Any CPU
		{C6EB5C80-3628-4C2F-AE55-DEFFA5A84113}.Release|Any CPU.Build.0 = Release|Any CPU
		{DF4C07D5-6745-985A-1A3C-F118F4A16CD9}.Debug|Any CPU.ActiveCfg = Debug|Any CPU
		{DF4C07D5-6745-985A-1A3C-F118F4A16CD9}.Debug|Any CPU.Build.0 = Debug|Any CPU
		{DF4C07D5-6745-985A-1A3C-F118F4A16CD9}.Release|Any CPU.ActiveCfg = Release|Any CPU
		{DF4C07D5-6745-985A-1A3C-F118F4A16CD9}.Release|Any CPU.Build.0 = Release|Any CPU
		{543D7BDA-5528-486D-8509-7CE607690BF2}.Debug|Any CPU.ActiveCfg = Debug|Any CPU
		{543D7BDA-5528-486D-8509-7CE607690BF2}.Debug|Any CPU.Build.0 = Debug|Any CPU
		{543D7BDA-5528-486D-8509-7CE607690BF2}.Release|Any CPU.ActiveCfg = Release|Any CPU
		{543D7BDA-5528-486D-8509-7CE607690BF2}.Release|Any CPU.Build.0 = Release|Any CPU
		{C31A857D-5745-4604-A90F-DC01F2CC3BA3}.Debug|Any CPU.ActiveCfg = Debug|Any CPU
		{C31A857D-5745-4604-A90F-DC01F2CC3BA3}.Debug|Any CPU.Build.0 = Debug|Any CPU
		{C31A857D-5745-4604-A90F-DC01F2CC3BA3}.Release|Any CPU.ActiveCfg = Release|Any CPU
		{C31A857D-5745-4604-A90F-DC01F2CC3BA3}.Release|Any CPU.Build.0 = Release|Any CPU
		{A8E62358-1694-FD3F-7837-19CDC53A599C}.Debug|Any CPU.ActiveCfg = Debug|Any CPU
		{A8E62358-1694-FD3F-7837-19CDC53A599C}.Debug|Any CPU.Build.0 = Debug|Any CPU
		{A8E62358-1694-FD3F-7837-19CDC53A599C}.Release|Any CPU.ActiveCfg = Release|Any CPU
		{A8E62358-1694-FD3F-7837-19CDC53A599C}.Release|Any CPU.Build.0 = Release|Any CPU
		{990890B0-505D-B8DE-AB94-5EB5F1002AFD}.Debug|Any CPU.ActiveCfg = Debug|Any CPU
		{990890B0-505D-B8DE-AB94-5EB5F1002AFD}.Debug|Any CPU.Build.0 = Debug|Any CPU
		{990890B0-505D-B8DE-AB94-5EB5F1002AFD}.Release|Any CPU.ActiveCfg = Release|Any CPU
		{990890B0-505D-B8DE-AB94-5EB5F1002AFD}.Release|Any CPU.Build.0 = Release|Any CPU
		{3B9AD693-83CE-42C6-C88D-53B161B8A84C}.Debug|Any CPU.ActiveCfg = Debug|Any CPU
		{3B9AD693-83CE-42C6-C88D-53B161B8A84C}.Debug|Any CPU.Build.0 = Debug|Any CPU
		{3B9AD693-83CE-42C6-C88D-53B161B8A84C}.Release|Any CPU.ActiveCfg = Release|Any CPU
		{3B9AD693-83CE-42C6-C88D-53B161B8A84C}.Release|Any CPU.Build.0 = Release|Any CPU
		{62011A90-B743-4A80-BFDC-6D183FC8652D}.Debug|Any CPU.ActiveCfg = Debug|Any CPU
		{62011A90-B743-4A80-BFDC-6D183FC8652D}.Debug|Any CPU.Build.0 = Debug|Any CPU
		{62011A90-B743-4A80-BFDC-6D183FC8652D}.Release|Any CPU.ActiveCfg = Release|Any CPU
		{62011A90-B743-4A80-BFDC-6D183FC8652D}.Release|Any CPU.Build.0 = Release|Any CPU
		{32E40DAD-4212-407E-911C-941A445D765A}.Debug|Any CPU.ActiveCfg = Debug|Any CPU
		{32E40DAD-4212-407E-911C-941A445D765A}.Debug|Any CPU.Build.0 = Debug|Any CPU
		{32E40DAD-4212-407E-911C-941A445D765A}.Release|Any CPU.ActiveCfg = Release|Any CPU
		{32E40DAD-4212-407E-911C-941A445D765A}.Release|Any CPU.Build.0 = Release|Any CPU
		{13527C62-2AC2-49D4-BAE8-2C2ABB12353D}.Debug|Any CPU.ActiveCfg = Debug|Any CPU
		{13527C62-2AC2-49D4-BAE8-2C2ABB12353D}.Debug|Any CPU.Build.0 = Debug|Any CPU
		{13527C62-2AC2-49D4-BAE8-2C2ABB12353D}.Release|Any CPU.ActiveCfg = Release|Any CPU
		{13527C62-2AC2-49D4-BAE8-2C2ABB12353D}.Release|Any CPU.Build.0 = Release|Any CPU
		{0D88F183-D44E-4EC4-A4F0-C280051B0E03}.Debug|Any CPU.ActiveCfg = Debug|Any CPU
		{0D88F183-D44E-4EC4-A4F0-C280051B0E03}.Debug|Any CPU.Build.0 = Debug|Any CPU
		{0D88F183-D44E-4EC4-A4F0-C280051B0E03}.Release|Any CPU.ActiveCfg = Release|Any CPU
		{0D88F183-D44E-4EC4-A4F0-C280051B0E03}.Release|Any CPU.Build.0 = Release|Any CPU
	EndGlobalSection
	GlobalSection(SolutionProperties) = preSolution
		HideSolutionNode = FALSE
	EndGlobalSection
	GlobalSection(ExtensibilityGlobals) = postSolution
		SolutionGuid = {1FFFBFFB-0BF1-4609-83E9-0DE799C0D57D}
	EndGlobalSection
EndGlobal
